
Microsoft Visual Studio Solution File, Format Version 12.00
# Visual Studio Version 17
VisualStudioVersion = 17.0.31903.59
MinimumVisualStudioVersion = 10.0.40219.1
Project("{2150E333-8FDC-42A3-9474-1A3956D46DE8}") = "src", "src", "{827E0CD3-B72D-47B6-A68D-7590B98EB39B}"
EndProject
Project("{FAE04EC0-301F-11D3-BF4B-00C04F79EFBC}") = "Kdx.Contracts", "src\Kdx.Contracts\Kdx.Contracts.csproj", "{378540B0-495A-4BA0-9A00-262F51B6372E}"
EndProject
Project("{FAE04EC0-301F-11D3-BF4B-00C04F79EFBC}") = "Kdx.Core", "src\Kdx.Core\Kdx.Core.csproj", "{6EBF2C0C-AA1E-46D0-B73A-345702D025C2}"
EndProject
Project("{FAE04EC0-301F-11D3-BF4B-00C04F79EFBC}") = "Kdx.Infrastructure", "src\Kdx.Infrastructure\Kdx.Infrastructure.csproj", "{CC64B629-3909-4E83-8521-7AB0BFD38C26}"
EndProject
Project("{FAE04EC0-301F-11D3-BF4B-00C04F79EFBC}") = "Kdx.Infrastructure.Supabase", "src\Kdx.Infrastructure.Supabase\Kdx.Infrastructure.Supabase.csproj", "{E3AF622F-BB8D-4606-885A-B7674007D1A1}"
EndProject
Project("{FAE04EC0-301F-11D3-BF4B-00C04F79EFBC}") = "Kdx.Contracts.ViewModels", "src\Kdx.Contracts.ViewModels\Kdx.Contracts.ViewModels.csproj", "{10683CE3-E5BA-4735-A40A-919F03113D40}"
EndProject
Global
	GlobalSection(SolutionConfigurationPlatforms) = preSolution
		Debug|Any CPU = Debug|Any CPU
		Debug|x64 = Debug|x64
		Debug|x86 = Debug|x86
		Release|Any CPU = Release|Any CPU
		Release|x64 = Release|x64
		Release|x86 = Release|x86
	EndGlobalSection
	GlobalSection(ProjectConfigurationPlatforms) = postSolution
		{378540B0-495A-4BA0-9A00-262F51B6372E}.Debug|Any CPU.ActiveCfg = Debug|Any CPU
		{378540B0-495A-4BA0-9A00-262F51B6372E}.Debug|Any CPU.Build.0 = Debug|Any CPU
		{378540B0-495A-4BA0-9A00-262F51B6372E}.Debug|x64.ActiveCfg = Debug|Any CPU
		{378540B0-495A-4BA0-9A00-262F51B6372E}.Debug|x64.Build.0 = Debug|Any CPU
		{378540B0-495A-4BA0-9A00-262F51B6372E}.Debug|x86.ActiveCfg = Debug|Any CPU
		{378540B0-495A-4BA0-9A00-262F51B6372E}.Debug|x86.Build.0 = Debug|Any CPU
		{378540B0-495A-4BA0-9A00-262F51B6372E}.Release|Any CPU.ActiveCfg = Release|Any CPU
		{378540B0-495A-4BA0-9A00-262F51B6372E}.Release|Any CPU.Build.0 = Release|Any CPU
		{378540B0-495A-4BA0-9A00-262F51B6372E}.Release|x64.ActiveCfg = Release|Any CPU
		{378540B0-495A-4BA0-9A00-262F51B6372E}.Release|x64.Build.0 = Release|Any CPU
		{378540B0-495A-4BA0-9A00-262F51B6372E}.Release|x86.ActiveCfg = Release|Any CPU
		{378540B0-495A-4BA0-9A00-262F51B6372E}.Release|x86.Build.0 = Release|Any CPU
		{6EBF2C0C-AA1E-46D0-B73A-345702D025C2}.Debug|Any CPU.ActiveCfg = Debug|Any CPU
		{6EBF2C0C-AA1E-46D0-B73A-345702D025C2}.Debug|Any CPU.Build.0 = Debug|Any CPU
		{6EBF2C0C-AA1E-46D0-B73A-345702D025C2}.Debug|x64.ActiveCfg = Debug|Any CPU
		{6EBF2C0C-AA1E-46D0-B73A-345702D025C2}.Debug|x64.Build.0 = Debug|Any CPU
		{6EBF2C0C-AA1E-46D0-B73A-345702D025C2}.Debug|x86.ActiveCfg = Debug|Any CPU
		{6EBF2C0C-AA1E-46D0-B73A-345702D025C2}.Debug|x86.Build.0 = Debug|Any CPU
		{6EBF2C0C-AA1E-46D0-B73A-345702D025C2}.Release|Any CPU.ActiveCfg = Release|Any CPU
		{6EBF2C0C-AA1E-46D0-B73A-345702D025C2}.Release|Any CPU.Build.0 = Release|Any CPU
		{6EBF2C0C-AA1E-46D0-B73A-345702D025C2}.Release|x64.ActiveCfg = Release|Any CPU
		{6EBF2C0C-AA1E-46D0-B73A-345702D025C2}.Release|x64.Build.0 = Release|Any CPU
		{6EBF2C0C-AA1E-46D0-B73A-345702D025C2}.Release|x86.ActiveCfg = Release|Any CPU
		{6EBF2C0C-AA1E-46D0-B73A-345702D025C2}.Release|x86.Build.0 = Release|Any CPU
		{CC64B629-3909-4E83-8521-7AB0BFD38C26}.Debug|Any CPU.ActiveCfg = Debug|Any CPU
		{CC64B629-3909-4E83-8521-7AB0BFD38C26}.Debug|Any CPU.Build.0 = Debug|Any CPU
		{CC64B629-3909-4E83-8521-7AB0BFD38C26}.Debug|x64.ActiveCfg = Debug|Any CPU
		{CC64B629-3909-4E83-8521-7AB0BFD38C26}.Debug|x64.Build.0 = Debug|Any CPU
		{CC64B629-3909-4E83-8521-7AB0BFD38C26}.Debug|x86.ActiveCfg = Debug|Any CPU
		{CC64B629-3909-4E83-8521-7AB0BFD38C26}.Debug|x86.Build.0 = Debug|Any CPU
		{CC64B629-3909-4E83-8521-7AB0BFD38C26}.Release|Any CPU.ActiveCfg = Release|Any CPU
		{CC64B629-3909-4E83-8521-7AB0BFD38C26}.Release|Any CPU.Build.0 = Release|Any CPU
		{CC64B629-3909-4E83-8521-7AB0BFD38C26}.Release|x64.ActiveCfg = Release|Any CPU
		{CC64B629-3909-4E83-8521-7AB0BFD38C26}.Release|x64.Build.0 = Release|Any CPU
		{CC64B629-3909-4E83-8521-7AB0BFD38C26}.Release|x86.ActiveCfg = Release|Any CPU
		{CC64B629-3909-4E83-8521-7AB0BFD38C26}.Release|x86.Build.0 = Release|Any CPU
		{E3AF622F-BB8D-4606-885A-B7674007D1A1}.Debug|Any CPU.ActiveCfg = Debug|Any CPU
		{E3AF622F-BB8D-4606-885A-B7674007D1A1}.Debug|Any CPU.Build.0 = Debug|Any CPU
		{E3AF622F-BB8D-4606-885A-B7674007D1A1}.Debug|x64.ActiveCfg = Debug|Any CPU
		{E3AF622F-BB8D-4606-885A-B7674007D1A1}.Debug|x64.Build.0 = Debug|Any CPU
		{E3AF622F-BB8D-4606-885A-B7674007D1A1}.Debug|x86.ActiveCfg = Debug|Any CPU
		{E3AF622F-BB8D-4606-885A-B7674007D1A1}.Debug|x86.Build.0 = Debug|Any CPU
		{E3AF622F-BB8D-4606-885A-B7674007D1A1}.Release|Any CPU.ActiveCfg = Release|Any CPU
		{E3AF622F-BB8D-4606-885A-B7674007D1A1}.Release|Any CPU.Build.0 = Release|Any CPU
		{E3AF622F-BB8D-4606-885A-B7674007D1A1}.Release|x64.ActiveCfg = Release|Any CPU
		{E3AF622F-BB8D-4606-885A-B7674007D1A1}.Release|x64.Build.0 = Release|Any CPU
		{E3AF622F-BB8D-4606-885A-B7674007D1A1}.Release|x86.ActiveCfg = Release|Any CPU
		{E3AF622F-BB8D-4606-885A-B7674007D1A1}.Release|x86.Build.0 = Release|Any CPU
		{10683CE3-E5BA-4735-A40A-919F03113D40}.Debug|Any CPU.ActiveCfg = Debug|Any CPU
		{10683CE3-E5BA-4735-A40A-919F03113D40}.Debug|Any CPU.Build.0 = Debug|Any CPU
		{10683CE3-E5BA-4735-A40A-919F03113D40}.Debug|x64.ActiveCfg = Debug|Any CPU
		{10683CE3-E5BA-4735-A40A-919F03113D40}.Debug|x64.Build.0 = Debug|Any CPU
		{10683CE3-E5BA-4735-A40A-919F03113D40}.Debug|x86.ActiveCfg = Debug|Any CPU
		{10683CE3-E5BA-4735-A40A-919F03113D40}.Debug|x86.Build.0 = Debug|Any CPU
		{10683CE3-E5BA-4735-A40A-919F03113D40}.Release|Any CPU.ActiveCfg = Release|Any CPU
		{10683CE3-E5BA-4735-A40A-919F03113D40}.Release|Any CPU.Build.0 = Release|Any CPU
		{10683CE3-E5BA-4735-A40A-919F03113D40}.Release|x64.ActiveCfg = Release|Any CPU
		{10683CE3-E5BA-4735-A40A-919F03113D40}.Release|x64.Build.0 = Release|Any CPU
		{10683CE3-E5BA-4735-A40A-919F03113D40}.Release|x86.ActiveCfg = Release|Any CPU
		{10683CE3-E5BA-4735-A40A-919F03113D40}.Release|x86.Build.0 = Release|Any CPU
	EndGlobalSection
	GlobalSection(SolutionProperties) = preSolution
		HideSolutionNode = FALSE
	EndGlobalSection
	GlobalSection(NestedProjects) = preSolution
		{378540B0-495A-4BA0-9A00-262F51B6372E} = {827E0CD3-B72D-47B6-A68D-7590B98EB39B}
		{6EBF2C0C-AA1E-46D0-B73A-345702D025C2} = {827E0CD3-B72D-47B6-A68D-7590B98EB39B}
		{CC64B629-3909-4E83-8521-7AB0BFD38C26} = {827E0CD3-B72D-47B6-A68D-7590B98EB39B}
		{E3AF622F-BB8D-4606-885A-B7674007D1A1} = {827E0CD3-B72D-47B6-A68D-7590B98EB39B}
		{10683CE3-E5BA-4735-A40A-919F03113D40} = {827E0CD3-B72D-47B6-A68D-7590B98EB39B}
	EndGlobalSection
EndGlobal
