{
  "version": 1,
  "dependencies": {
    "net8.0-windows7.0": {
      "CommunityToolkit.Mvvm": {
        "type": "Direct",
        "requested": "[8.4.0, )",
        "resolved": "8.4.0",
        "contentHash": "tqVU8yc/ADO9oiTRyTnwhFN68hCwvkliMierptWOudIAvWY1mWCh5VFh+guwHJmpMwfg0J0rY+yyd5Oy7ty9Uw=="
      },
      "Microsoft.Extensions.DependencyInjection.Abstractions": {
        "type": "Transitive",
        "resolved": "8.0.2",
        "contentHash": "3iE7UF7MQkCv1cxzCahz+Y/guQbTqieyxyaWKhrRO91itI9cOKO76OHeQDahqG4MmW5umr3CcCvGmK92lWNlbg=="
      },
      "Microsoft.Extensions.Logging.Abstractions": {
        "type": "Transitive",
        "resolved": "8.0.2",
        "contentHash": "nroMDjS7hNBPtkZqVBbSiQaQjWRDxITI8Y7XnDs97rqG3EbzVTNLZQf7bIeUJcaHOV8bca47s1Uxq94+2oGdxA==",
        "dependencies": {
          "Microsoft.Extensions.DependencyInjection.Abstractions": "8.0.2"
        }
      },
      "Npgsql": {
        "type": "Transitive",
        "resolved": "9.0.3",
        "contentHash": "tPvY61CxOAWxNsKLEBg+oR646X4Bc8UmyQ/tJszL/7mEmIXQnnBhVJZrZEEUv0Bstu0mEsHZD5At3EO8zQRAYw==",
        "dependencies": {
          "Microsoft.Extensions.Logging.Abstractions": "8.0.2"
        }
      },
      "kdx.contracts": {
        "type": "Project",
        "dependencies": {
          "Npgsql": "[9.0.3, )"
        }
      }
    }
  }
}